
Microsoft Visual Studio Solution File, Format Version 12.00
# Visual Studio 15
VisualStudioVersion = 15.0.27703.2047
MinimumVisualStudioVersion = 10.0.40219.1
Project("{FAE04EC0-301F-11D3-BF4B-00C04F79EFBC}") = "ShalevIdoBank", "ShalevIdoBank.csproj", "{3A846FD3-D356-4858-9112-6C5DB35A4BCC}"
EndProject
Project("{FAE04EC0-301F-11D3-BF4B-00C04F79EFBC}") = "FormsFrontend", "FormsFrontend\FormsFrontend.csproj", "{D52DA8BC-EEAD-4FE7-9753-47832C42BFBE}"
EndProject
Global
	GlobalSection(SolutionConfigurationPlatforms) = preSolution
		Debug|Any CPU = Debug|Any CPU
		Release|Any CPU = Release|Any CPU
	EndGlobalSection
	GlobalSection(ProjectConfigurationPlatforms) = postSolution
		{3A846FD3-D356-4858-9112-6C5DB35A4BCC}.Debug|Any CPU.ActiveCfg = Debug|Any CPU
		{3A846FD3-D356-4858-9112-6C5DB35A4BCC}.Debug|Any CPU.Build.0 = Debug|Any CPU
		{3A846FD3-D356-4858-9112-6C5DB35A4BCC}.Release|Any CPU.ActiveCfg = Release|Any CPU
		{3A846FD3-D356-4858-9112-6C5DB35A4BCC}.Release|Any CPU.Build.0 = Release|Any CPU
		{D52DA8BC-EEAD-4FE7-9753-47832C42BFBE}.Debug|Any CPU.ActiveCfg = Debug|Any CPU
		{D52DA8BC-EEAD-4FE7-9753-47832C42BFBE}.Debug|Any CPU.Build.0 = Debug|Any CPU
		{D52DA8BC-EEAD-4FE7-9753-47832C42BFBE}.Release|Any CPU.ActiveCfg = Release|Any CPU
		{D52DA8BC-EEAD-4FE7-9753-47832C42BFBE}.Release|Any CPU.Build.0 = Release|Any CPU
	EndGlobalSection
	GlobalSection(SolutionProperties) = preSolution
		HideSolutionNode = FALSE
	EndGlobalSection
	GlobalSection(ExtensibilityGlobals) = postSolution
		SolutionGuid = {4CB12F1B-763C-487C-AB5E-D4DAC3FB8CF5}
	EndGlobalSection
EndGlobal
